{
    "name": "@noir-lang/noir-js",
    "version": "0.4.0",
    "lockfileVersion": 1,
    "requires": true,
    "dependencies": {
        "@noir-lang/noir_wasm": {
            "version": "0.2.0",
            "resolved": "https://registry.npmjs.org/@noir-lang/noir_wasm/-/noir_wasm-0.2.0.tgz",
            "integrity": "sha512-uRgljKdqLrhGH2JrtrkE9GDoiJJ3A81MdZJgKAY+KwkB6PL2P6puULsvqk8mZ6i80rNr+nJCbDE5Ci37zb7Z5Q=="
        },
        "@types/node": {
            "version": "18.7.10",
            "resolved": "https://registry.npmjs.org/@types/node/-/node-18.7.10.tgz",
            "integrity": "sha512-SST7B//wF7xlGoLo1IEVB0cQ4e7BgXlDk5IaPgb5s0DlYLjb4if07h8+0zbQIvahfPNXs6e7zyT0EH1MqaS+5g==",
            "dev": true
        },
        "detect-node": {
            "version": "2.1.0",
            "resolved": "https://registry.npmjs.org/detect-node/-/detect-node-2.1.0.tgz",
            "integrity": "sha512-T0NIuQpnTvFDATNuHN5roPwSBG83rFsuO+MXXH9/3N1eFbn4wcPjttvjMLEPWJ0RGUYgQE7cGgS3tNxbqCGM7g=="
        },
        "esm": {
            "version": "3.2.25",
            "resolved": "https://registry.npmjs.org/esm/-/esm-3.2.25.tgz",
            "integrity": "sha512-U1suiZ2oDVWv4zPO56S0NcR5QriEahGtdN2OR6FiOG4WJvcjBVFB0qI4+eKoWFH483PKGuLuu6V8Z4T5g63UVA=="
        },
        "typescript": {
            "version": "4.7.4",
            "resolved": "https://registry.npmjs.org/typescript/-/typescript-4.7.4.tgz",
            "integrity": "sha512-C0WQT0gezHuw6AdY1M2jxUO83Rjf0HP7Sk1DtXj6j1EwkQNZrHAg2XPWlq62oqEhYvONq5pkC2Y9oPljWToLmQ==",
            "dev": true
        }
    }
}
